
Microsoft Visual Studio Solution File, Format Version 12.00
# Visual Studio 2012
Project("{FAE04EC0-301F-11D3-BF4B-00C04F79EFBC}") = "TestCosmosSQL", "TestCosmosSQL\TestCosmosSQL.csproj", "{0A6FFE9D-8B3E-4F14-AC34-5A7446B47EC8}"
EndProject
Project("{FAE04EC0-301F-11D3-BF4B-00C04F79EFBC}") = "TestCosmosSQL.Tests", "TestCosmosSQL.Tests\TestCosmosSQL.Tests.csproj", "{9BE10915-79B1-4762-8EB4-B46693AB3031}"
EndProject
Global
	GlobalSection(SolutionConfigurationPlatforms) = preSolution
		Debug|Any CPU = Debug|Any CPU
		Release|Any CPU = Release|Any CPU
	EndGlobalSection
	GlobalSection(ProjectConfigurationPlatforms) = postSolution
		{0A6FFE9D-8B3E-4F14-AC34-5A7446B47EC8}.Debug|Any CPU.ActiveCfg = Debug|Any CPU
		{0A6FFE9D-8B3E-4F14-AC34-5A7446B47EC8}.Debug|Any CPU.Build.0 = Debug|Any CPU
		{0A6FFE9D-8B3E-4F14-AC34-5A7446B47EC8}.Release|Any CPU.ActiveCfg = Release|Any CPU
		{0A6FFE9D-8B3E-4F14-AC34-5A7446B47EC8}.Release|Any CPU.Build.0 = Release|Any CPU
		{9BE10915-79B1-4762-8EB4-B46693AB3031}.Debug|Any CPU.ActiveCfg = Debug|Any CPU
		{9BE10915-79B1-4762-8EB4-B46693AB3031}.Debug|Any CPU.Build.0 = Debug|Any CPU
		{9BE10915-79B1-4762-8EB4-B46693AB3031}.Release|Any CPU.ActiveCfg = Release|Any CPU
		{9BE10915-79B1-4762-8EB4-B46693AB3031}.Release|Any CPU.Build.0 = Release|Any CPU
	EndGlobalSection
EndGlobal
